gitee.com/haifengat/hf_go_ctp v0.0.0-20191208022606-72b542124e5a h1:3yr+hoUhGPQT2rhJEHA4bNuvvD8FatGtcBDPCaMVYwk=
github.com/axgle/mahonia v0.0.0-20180208002826-3358181d7394 h1:OYA+5W64v3OgClL+IrOD63t4i/RW7RqrAVl9LTZ9UqQ=
github.com/axgle/mahonia v0.0.0-20180208002826-3358181d7394/go.mod h1:Q8n74mJTIgjX4RBBcHnJ05h//6/k6foqmgE45jTQtxg=
github.com/mayiweb/goctp v0.0.0-20190917081845-ed4a7d3f7e3e h1:E08eL1h2MVzwBFTV+LKgq36g1nSL1KbzwxVG6sDNz0Q=
github.com/mayiweb/goctp v0.0.0-20190917081845-ed4a7d3f7e3e/go.mod h1:wNqTr3NrFzLAs99PXhyx08PU6xDgQMLxQ8FA1xudV24=
github.com/rainycape/dl v0.0.0-20151222075243-1b01514224a1 h1:XZlja+DeIOJeEPWAfM9M5wko0keB9qgRfuuWbry6VBQ=
github.com/rainycape/dl v0.0.0-20151222075243-1b01514224a1/go.mod h1:lh74SQgfeEuNq74dKWzDLuVB+/ntX5c4g1oDyL4GkGg=
golang.org/x/text v0.3.2 h1:tW2bmiBqwgJj/UpqtC8EpXEZVYOwU0yG4iWbprSVAcs=
golang.org/x/text v0.3.2/go.mod h1:bEr9sfX3Q8Zfm5fL9x+3itogRgK3+ptLWKqgva+5dAk=
golang.org/x/tools v0.0.0-20180917221912-90fa682c2a6e/go.mod h1:n7NCudcB/nEzxVGmLbDWY5pfWTLqBcC2KZ6jyYvM4mQ=
